
Microsoft Visual Studio Solution File, Format Version 9.00
# Visual Studio 2005
Project("{8BC9CEB8-8B4A-11D0-8D11-00A0C91BC942}") = "BiosUpdate", "BiosUpdate.vcproj", "{6DAD19B9-6B84-46E2-8A31-B9690488657E}"
EndProject
Global
	GlobalSection(SolutionConfigurationPlatforms) = preSolution
		Debug|Win32 = Debug|Win32
		Release|Win32 = Release|Win32
	EndGlobalSection
	GlobalSection(ProjectConfigurationPlatforms) = postSolution
		{6DAD19B9-6B84-46E2-8A31-B9690488657E}.Debug|Win32.ActiveCfg = Debug|Win32
		{6DAD19B9-6B84-46E2-8A31-B9690488657E}.Debug|Win32.Build.0 = Debug|Win32
		{6DAD19B9-6B84-46E2-8A31-B9690488657E}.Release|Win32.ActiveCfg = Release|Win32
		{6DAD19B9-6B84-46E2-8A31-B9690488657E}.Release|Win32.Build.0 = Release|Win32
	EndGlobalSection
	GlobalSection(SolutionProperties) = preSolution
		HideSolutionNode = FALSE
	EndGlobalSection
EndGlobal
